// !$*UTF8*$!
{
	archiveVersion = 1;
	classes = {
	};
	objectVersion = 56;
	objects = {

/* Begin PBXBuildFile section */
		37919F672B685E9A00C7495D /* RecipesBrowserApp.swift in Sources */ = {isa = PBXBuildFile; fileRef = 37919F662B685E9A00C7495D /* RecipesBrowserApp.swift */; };
		37919F6B2B685E9B00C7495D /* Assets.xcassets in Resources */ = {isa = PBXBuildFile; fileRef = 37919F6A2B685E9B00C7495D /* Assets.xcassets */; };
		37919F6E2B685E9B00C7495D /* Preview Assets.xcassets in Resources */ = {isa = PBXBuildFile; fileRef = 37919F6D2B685E9B00C7495D /* Preview Assets.xcassets */; };
		37919F772B685EE300C7495D /* RecipesListView.swift in Sources */ = {isa = PBXBuildFile; fileRef = 37919F762B685EE300C7495D /* RecipesListView.swift */; };
		37919F7A2B68603600C7495D /* Meal.swift in Sources */ = {isa = PBXBuildFile; fileRef = 37919F792B68603600C7495D /* Meal.swift */; };
		37919F7C2B6861B400C7495D /* RecipeListRowView.swift in Sources */ = {isa = PBXBuildFile; fileRef = 37919F7B2B6861B400C7495D /* RecipeListRowView.swift */; };
		37919F7F2B6872C100C7495D /* RecipesRepository.swift in Sources */ = {isa = PBXBuildFile; fileRef = 37919F7E2B6872C100C7495D /* RecipesRepository.swift */; };
		37919F812B6872F900C7495D /* RecipesNetworkRepository.swift in Sources */ = {isa = PBXBuildFile; fileRef = 37919F802B6872F900C7495D /* RecipesNetworkRepository.swift */; };
		37919F832B68745F00C7495D /* RecipesProvider.swift in Sources */ = {isa = PBXBuildFile; fileRef = 37919F822B68745F00C7495D /* RecipesProvider.swift */; };
		37919F872B6878E600C7495D /* ErrorRetryView.swift in Sources */ = {isa = PBXBuildFile; fileRef = 37919F862B6878E600C7495D /* ErrorRetryView.swift */; };
		37919F8B2B6881B200C7495D /* RecipeDetailView.swift in Sources */ = {isa = PBXBuildFile; fileRef = 37919F8A2B6881B200C7495D /* RecipeDetailView.swift */; };
/* End PBXBuildFile section */

/* Begin PBXFileReference section */
		37919F632B685E9A00C7495D /* RecipesBrowser.app */ = {isa = PBXFileReference; explicitFileType = wrapper.application; includeInIndex = 0; path = RecipesBrowser.app; sourceTree = BUILT_PRODUCTS_DIR; };
		37919F662B685E9A00C7495D /* RecipesBrowserApp.swift */ = {isa = PBXFileReference; lastKnownFileType = sourcecode.swift; path = RecipesBrowserApp.swift; sourceTree = "<group>"; };
		37919F6A2B685E9B00C7495D /* Assets.xcassets */ = {isa = PBXFileReference; lastKnownFileType = folder.assetcatalog; path = Assets.xcassets; sourceTree = "<group>"; };
		37919F6D2B685E9B00C7495D /* Preview Assets.xcassets */ = {isa = PBXFileReference; lastKnownFileType = folder.assetcatalog; path = "Preview Assets.xcassets"; sourceTree = "<group>"; };
		37919F762B685EE300C7495D /* RecipesListView.swift */ = {isa = PBXFileReference; lastKnownFileType = sourcecode.swift; path = RecipesListView.swift; sourceTree = "<group>"; };
		37919F792B68603600C7495D /* Meal.swift */ = {isa = PBXFileReference; lastKnownFileType = sourcecode.swift; path = Meal.swift; sourceTree = "<group>"; };
		37919F7B2B6861B400C7495D /* RecipeListRowView.swift */ = {isa = PBXFileReference; lastKnownFileType = sourcecode.swift; path = RecipeListRowView.swift; sourceTree = "<group>"; };
		37919F7E2B6872C100C7495D /* RecipesRepository.swift */ = {isa = PBXFileReference; lastKnownFileType = sourcecode.swift; path = RecipesRepository.swift; sourceTree = "<group>"; };
		37919F802B6872F900C7495D /* RecipesNetworkRepository.swift */ = {isa = PBXFileReference; lastKnownFileType = sourcecode.swift; path = RecipesNetworkRepository.swift; sourceTree = "<group>"; };
		37919F822B68745F00C7495D /* RecipesProvider.swift */ = {isa = PBXFileReference; lastKnownFileType = sourcecode.swift; path = RecipesProvider.swift; sourceTree = "<group>"; };
		37919F862B6878E600C7495D /* ErrorRetryView.swift */ = {isa = PBXFileReference; lastKnownFileType = sourcecode.swift; path = ErrorRetryView.swift; sourceTree = "<group>"; };
		37919F8A2B6881B200C7495D /* RecipeDetailView.swift */ = {isa = PBXFileReference; lastKnownFileType = sourcecode.swift; path = RecipeDetailView.swift; sourceTree = "<group>"; };
/* End PBXFileReference section */

/* Begin PBXFrameworksBuildPhase section */
		37919F602B685E9A00C7495D /* Frameworks */ = {
			isa = PBXFrameworksBuildPhase;
			buildActionMask = 2147483647;
			files = (
			);
			runOnlyForDeploymentPostprocessing = 0;
		};
/* End PBXFrameworksBuildPhase section */

/* Begin PBXGroup section */
		37919F5A2B685E9A00C7495D = {
			isa = PBXGroup;
			children = (
				37919F652B685E9A00C7495D /* RecipesBrowser */,
				37919F642B685E9A00C7495D /* Products */,
			);
			sourceTree = "<group>";
		};
		37919F642B685E9A00C7495D /* Products */ = {
			isa = PBXGroup;
			children = (
				37919F632B685E9A00C7495D /* RecipesBrowser.app */,
			);
			name = Products;
			sourceTree = "<group>";
		};
		37919F652B685E9A00C7495D /* RecipesBrowser */ = {
			isa = PBXGroup;
			children = (
				37919F882B68819300C7495D /* RecipeDetails */,
				37919F842B6878C600C7495D /* General */,
				37919F742B685ECE00C7495D /* RecipesList */,
				37919F662B685E9A00C7495D /* RecipesBrowserApp.swift */,
				37919F6A2B685E9B00C7495D /* Assets.xcassets */,
				37919F6C2B685E9B00C7495D /* Preview Content */,
			);
			path = RecipesBrowser;
			sourceTree = "<group>";
		};
		37919F6C2B685E9B00C7495D /* Preview Content */ = {
			isa = PBXGroup;
			children = (
				37919F6D2B685E9B00C7495D /* Preview Assets.xcassets */,
			);
			path = "Preview Content";
			sourceTree = "<group>";
		};
		37919F742B685ECE00C7495D /* RecipesList */ = {
			isa = PBXGroup;
			children = (
				37919F7D2B6872BB00C7495D /* Provider */,
				37919F782B685FED00C7495D /* Model */,
				37919F752B685ED900C7495D /* View */,
			);
			path = RecipesList;
			sourceTree = "<group>";
		};
		37919F752B685ED900C7495D /* View */ = {
			isa = PBXGroup;
			children = (
				37919F762B685EE300C7495D /* RecipesListView.swift */,
				37919F7B2B6861B400C7495D /* RecipeListRowView.swift */,
			);
			path = View;
			sourceTree = "<group>";
		};
		37919F782B685FED00C7495D /* Model */ = {
			isa = PBXGroup;
			children = (
				37919F792B68603600C7495D /* Meal.swift */,
			);
			path = Model;
			sourceTree = "<group>";
		};
		37919F7D2B6872BB00C7495D /* Provider */ = {
			isa = PBXGroup;
			children = (
				37919F7E2B6872C100C7495D /* RecipesRepository.swift */,
				37919F802B6872F900C7495D /* RecipesNetworkRepository.swift */,
				37919F822B68745F00C7495D /* RecipesProvider.swift */,
			);
			path = Provider;
			sourceTree = "<group>";
		};
		37919F842B6878C600C7495D /* General */ = {
			isa = PBXGroup;
			children = (
				37919F852B6878D400C7495D /* View */,
			);
			path = General;
			sourceTree = "<group>";
		};
		37919F852B6878D400C7495D /* View */ = {
			isa = PBXGroup;
			children = (
				37919F862B6878E600C7495D /* ErrorRetryView.swift */,
			);
			path = View;
			sourceTree = "<group>";
		};
		37919F882B68819300C7495D /* RecipeDetails */ = {
			isa = PBXGroup;
			children = (
				37919F892B68819E00C7495D /* View */,
			);
			path = RecipeDetails;
			sourceTree = "<group>";
		};
		37919F892B68819E00C7495D /* View */ = {
			isa = PBXGroup;
			children = (
				37919F8A2B6881B200C7495D /* RecipeDetailView.swift */,
			);
			path = View;
			sourceTree = "<group>";
		};
/* End PBXGroup section */

/* Begin PBXNativeTarget section */
		37919F622B685E9A00C7495D /* RecipesBrowser */ = {
			isa = PBXNativeTarget;
			buildConfigurationList = 37919F712B685E9B00C7495D /* Build configuration list for PBXNativeTarget "RecipesBrowser" */;
			buildPhases = (
				37919F5F2B685E9A00C7495D /* Sources */,
				37919F602B685E9A00C7495D /* Frameworks */,
				37919F612B685E9A00C7495D /* Resources */,
			);
			buildRules = (
			);
			dependencies = (
			);
			name = RecipesBrowser;
			productName = RecipesBrowser;
			productReference = 37919F632B685E9A00C7495D /* RecipesBrowser.app */;
			productType = "com.apple.product-type.application";
		};
/* End PBXNativeTarget section */

/* Begin PBXProject section */
		37919F5B2B685E9A00C7495D /* Project object */ = {
			isa = PBXProject;
			attributes = {
				BuildIndependentTargetsInParallel = 1;
				LastSwiftUpdateCheck = 1500;
				LastUpgradeCheck = 1500;
				TargetAttributes = {
					37919F622B685E9A00C7495D = {
						CreatedOnToolsVersion = 15.0.1;
					};
				};
			};
			buildConfigurationList = 37919F5E2B685E9A00C7495D /* Build configuration list for PBXProject "RecipesBrowser" */;
			compatibilityVersion = "Xcode 14.0";
			developmentRegion = en;
			hasScannedForEncodings = 0;
			knownRegions = (
				en,
				Base,
			);
			mainGroup = 37919F5A2B685E9A00C7495D;
			productRefGroup = 37919F642B685E9A00C7495D /* Products */;
			projectDirPath = "";
			projectRoot = "";
			targets = (
				37919F622B685E9A00C7495D /* RecipesBrowser */,
			);
		};
/* End PBXProject section */

/* Begin PBXResourcesBuildPhase section */
		37919F612B685E9A00C7495D /* Resources */ = {
			isa = PBXResourcesBuildPhase;
			buildActionMask = 2147483647;
			files = (
				37919F6E2B685E9B00C7495D /* Preview Assets.xcassets in Resources */,
				37919F6B2B685E9B00C7495D /* Assets.xcassets in Resources */,
			);
			runOnlyForDeploymentPostprocessing = 0;
		};
/* End PBXResourcesBuildPhase section */

/* Begin PBXSourcesBuildPhase section */
		37919F5F2B685E9A00C7495D /* Sources */ = {
			isa = PBXSourcesBuildPhase;
			buildActionMask = 2147483647;
			files = (
				37919F772B685EE300C7495D /* RecipesListView.swift in Sources */,
				37919F8B2B6881B200C7495D /* RecipeDetailView.swift in Sources */,
				37919F832B68745F00C7495D /* RecipesProvider.swift in Sources */,
				37919F872B6878E600C7495D /* ErrorRetryView.swift in Sources */,
				37919F7C2B6861B400C7495D /* RecipeListRowView.swift in Sources */,
				37919F812B6872F900C7495D /* RecipesNetworkRepository.swift in Sources */,
				37919F7F2B6872C100C7495D /* RecipesRepository.swift in Sources */,
				37919F7A2B68603600C7495D /* Meal.swift in Sources */,
				37919F672B685E9A00C7495D /* RecipesBrowserApp.swift in Sources */,
			);
			runOnlyForDeploymentPostprocessing = 0;
		};
/* End PBXSourcesBuildPhase section */

/* Begin XCBuildConfiguration section */
		37919F6F2B685E9B00C7495D /* Debug */ = {
			isa = XCBuildConfiguration;
			buildSettings = {
				ALWAYS_SEARCH_USER_PATHS = NO;
				ASSETCATALOG_COMPILER_GENERATE_SWIFT_ASSET_SYMBOL_EXTENSIONS = YES;
				CLANG_ANALYZER_NONNULL = YES;
				CLANG_ANALYZER_NUMBER_OBJECT_CONVERSION = YES_AGGRESSIVE;
				CLANG_CXX_LANGUAGE_STANDARD = "gnu++20";
				CLANG_ENABLE_MODULES = YES;
				CLANG_ENABLE_OBJC_ARC = YES;
				CLANG_ENABLE_OBJC_WEAK = YES;
				CLANG_WARN_BLOCK_CAPTURE_AUTORELEASING = YES;
				CLANG_WARN_BOOL_CONVERSION = YES;
				CLANG_WARN_COMMA = YES;
				CLANG_WARN_CONSTANT_CONVERSION = YES;
				CLANG_WARN_DEPRECATED_OBJC_IMPLEMENTATIONS = YES;
				CLANG_WARN_DIRECT_OBJC_ISA_USAGE = YES_ERROR;
				CLANG_WARN_DOCUMENTATION_COMMENTS = YES;
				CLANG_WARN_EMPTY_BODY = YES;
				CLANG_WARN_ENUM_CONVERSION = YES;
				CLANG_WARN_INFINITE_RECURSION = YES;
				CLANG_WARN_INT_CONVERSION = YES;
				CLANG_WARN_NON_LITERAL_NULL_CONVERSION = YES;
				CLANG_WARN_OBJC_IMPLICIT_RETAIN_SELF = YES;
				CLANG_WARN_OBJC_LITERAL_CONVERSION = YES;
				CLANG_WARN_OBJC_ROOT_CLASS = YES_ERROR;
				CLANG_WARN_QUOTED_INCLUDE_IN_FRAMEWORK_HEADER = YES;
				CLANG_WARN_RANGE_LOOP_ANALYSIS = YES;
				CLANG_WARN_STRICT_PROTOTYPES = YES;
				CLANG_WARN_SUSPICIOUS_MOVE = YES;
				CLANG_WARN_UNGUARDED_AVAILABILITY = YES_AGGRESSIVE;
				CLANG_WARN_UNREACHABLE_CODE = YES;
				CLANG_WARN__DUPLICATE_METHOD_MATCH = YES;
				COPY_PHASE_STRIP = NO;
				DEBUG_INFORMATION_FORMAT = dwarf;
				ENABLE_STRICT_OBJC_MSGSEND = YES;
				ENABLE_TESTABILITY = YES;
				ENABLE_USER_SCRIPT_SANDBOXING = YES;
				GCC_C_LANGUAGE_STANDARD = gnu17;
				GCC_DYNAMIC_NO_PIC = NO;
				GCC_NO_COMMON_BLOCKS = YES;
				GCC_OPTIMIZATION_LEVEL = 0;
				GCC_PREPROCESSOR_DEFINITIONS = (
					"DEBUG=1",
					"$(inherited)",
				);
				GCC_WARN_64_TO_32_BIT_CONVERSION = YES;
				GCC_WARN_ABOUT_RETURN_TYPE = YES_ERROR;
				GCC_WARN_UNDECLARED_SELECTOR = YES;
				GCC_WARN_UNINITIALIZED_AUTOS = YES_AGGRESSIVE;
				GCC_WARN_UNUSED_FUNCTION = YES;
				GCC_WARN_UNUSED_VARIABLE = YES;
				IPHONEOS_DEPLOYMENT_TARGET = 17.0;
				LOCALIZATION_PREFERS_STRING_CATALOGS = YES;
				MTL_ENABLE_DEBUG_INFO = INCLUDE_SOURCE;
				MTL_FAST_MATH = YES;
				ONLY_ACTIVE_ARCH = YES;
				SDKROOT = iphoneos;
				SWIFT_ACTIVE_COMPILATION_CONDITIONS = "DEBUG $(inherited)";
				SWIFT_OPTIMIZATION_LEVEL = "-Onone";
			};
			name = Debug;
		};
		37919F702B685E9B00C7495D /* Release */ = {
			isa = XCBuildConfiguration;
			buildSettings = {
				ALWAYS_SEARCH_USER_PATHS = NO;
				ASSETCATALOG_COMPILER_GENERATE_SWIFT_ASSET_SYMBOL_EXTENSIONS = YES;
				CLANG_ANALYZER_NONNULL = YES;
				CLANG_ANALYZER_NUMBER_OBJECT_CONVERSION = YES_AGGRESSIVE;
				CLANG_CXX_LANGUAGE_STANDARD = "gnu++20";
				CLANG_ENABLE_MODULES = YES;
				CLANG_ENABLE_OBJC_ARC = YES;
				CLANG_ENABLE_OBJC_WEAK = YES;
				CLANG_WARN_BLOCK_CAPTURE_AUTORELEASING = YES;
				CLANG_WARN_BOOL_CONVERSION = YES;
				CLANG_WARN_COMMA = YES;
				CLANG_WARN_CONSTANT_CONVERSION = YES;
				CLANG_WARN_DEPRECATED_OBJC_IMPLEMENTATIONS = YES;
				CLANG_WARN_DIRECT_OBJC_ISA_USAGE = YES_ERROR;
				CLANG_WARN_DOCUMENTATION_COMMENTS = YES;
				CLANG_WARN_EMPTY_BODY = YES;
				CLANG_WARN_ENUM_CONVERSION = YES;
				CLANG_WARN_INFINITE_RECURSION = YES;
				CLANG_WARN_INT_CONVERSION = YES;
				CLANG_WARN_NON_LITERAL_NULL_CONVERSION = YES;
				CLANG_WARN_OBJC_IMPLICIT_RETAIN_SELF = YES;
				CLANG_WARN_OBJC_LITERAL_CONVERSION = YES;
				CLANG_WARN_OBJC_ROOT_CLASS = YES_ERROR;
				CLANG_WARN_QUOTED_INCLUDE_IN_FRAMEWORK_HEADER = YES;
				CLANG_WARN_RANGE_LOOP_ANALYSIS = YES;
				CLANG_WARN_STRICT_PROTOTYPES = YES;
				CLANG_WARN_SUSPICIOUS_MOVE = YES;
				CLANG_WARN_UNGUARDED_AVAILABILITY = YES_AGGRESSIVE;
				CLANG_WARN_UNREACHABLE_CODE = YES;
				CLANG_WARN__DUPLICATE_METHOD_MATCH = YES;
				COPY_PHASE_STRIP = NO;
				DEBUG_INFORMATION_FORMAT = "dwarf-with-dsym";
				ENABLE_NS_ASSERTIONS = NO;
				ENABLE_STRICT_OBJC_MSGSEND = YES;
				ENABLE_USER_SCRIPT_SANDBOXING = YES;
				GCC_C_LANGUAGE_STANDARD = gnu17;
				GCC_NO_COMMON_BLOCKS = YES;
				GCC_WARN_64_TO_32_BIT_CONVERSION = YES;
				GCC_WARN_ABOUT_RETURN_TYPE = YES_ERROR;
				GCC_WARN_UNDECLARED_SELECTOR = YES;
				GCC_WARN_UNINITIALIZED_AUTOS = YES_AGGRESSIVE;
				GCC_WARN_UNUSED_FUNCTION = YES;
				GCC_WARN_UNUSED_VARIABLE = YES;
				IPHONEOS_DEPLOYMENT_TARGET = 17.0;
				LOCALIZATION_PREFERS_STRING_CATALOGS = YES;
				MTL_ENABLE_DEBUG_INFO = NO;
				MTL_FAST_MATH = YES;
				SDKROOT = iphoneos;
				SWIFT_COMPILATION_MODE = wholemodule;
				VALIDATE_PRODUCT = YES;
			};
			name = Release;
		};
		37919F722B685E9B00C7495D /* Debug */ = {
			isa = XCBuildConfiguration;
			buildSettings = {
				ASSETCATALOG_COMPILER_APPICON_NAME = AppIcon;
				ASSETCATALOG_COMPILER_GLOBAL_ACCENT_COLOR_NAME = AccentColor;
				CODE_SIGN_STYLE = Automatic;
				CURRENT_PROJECT_VERSION = 1;
				DEVELOPMENT_ASSET_PATHS = "\"RecipesBrowser/Preview Content\"";
				ENABLE_PREVIEWS = YES;
				GENERATE_INFOPLIST_FILE = YES;
				INFOPLIST_KEY_UIApplicationSceneManifest_Generation = YES;
				INFOPLIST_KEY_UIApplicationSupportsIndirectInputEvents = YES;
				INFOPLIST_KEY_UILaunchScreen_Generation = YES;
				INFOPLIST_KEY_UISupportedInterfaceOrientations = UIInterfaceOrientationPortrait;
				INFOPLIST_KEY_UISupportedInterfaceOrientations_iPad = "UIInterfaceOrientationLandscapeLeft UIInterfaceOrientationLandscapeRight UIInterfaceOrientationPortrait UIInterfaceOrientationPortraitUpsideDown";
				LD_RUNPATH_SEARCH_PATHS = (
					"$(inherited)",
					"@executable_path/Frameworks",
				);
				MARKETING_VERSION = 1.0;
				PRODUCT_BUNDLE_IDENTIFIER = com.example.RecipesBrowser;
				PRODUCT_NAME = "$(TARGET_NAME)";
				SUPPORTED_PLATFORMS = "iphoneos iphonesimulator";
				SUPPORTS_MACCATALYST = NO;
				SUPPORTS_MAC_DESIGNED_FOR_IPHONE_IPAD = NO;
				SWIFT_EMIT_LOC_STRINGS = YES;
				SWIFT_VERSION = 5.0;
				TARGETED_DEVICE_FAMILY = 1;
			};
			name = Debug;
		};
		37919F732B685E9B00C7495D /* Release */ = {
			isa = XCBuildConfiguration;
			buildSettings = {
				ASSETCATALOG_COMPILER_APPICON_NAME = AppIcon;
				ASSETCATALOG_COMPILER_GLOBAL_ACCENT_COLOR_NAME = AccentColor;
				CODE_SIGN_STYLE = Automatic;
				CURRENT_PROJECT_VERSION = 1;
				DEVELOPMENT_ASSET_PATHS = "\"RecipesBrowser/Preview Content\"";
				ENABLE_PREVIEWS = YES;
				GENERATE_INFOPLIST_FILE = YES;
				INFOPLIST_KEY_UIApplicationSceneManifest_Generation = YES;
				INFOPLIST_KEY_UIApplicationSupportsIndirectInputEvents = YES;
				INFOPLIST_KEY_UILaunchScreen_Generation = YES;
				INFOPLIST_KEY_UISupportedInterfaceOrientations = UIInterfaceOrientationPortrait;
				INFOPLIST_KEY_UISupportedInterfaceOrientations_iPad = "UIInterfaceOrientationLandscapeLeft UIInterfaceOrientationLandscapeRight UIInterfaceOrientationPortrait UIInterfaceOrientationPortraitUpsideDown";
				LD_RUNPATH_SEARCH_PATHS = (
					"$(inherited)",
					"@executable_path/Frameworks",
				);
				MARKETING_VERSION = 1.0;
				PRODUCT_BUNDLE_IDENTIFIER = com.example.RecipesBrowser;
				PRODUCT_NAME = "$(TARGET_NAME)";
				SUPPORTED_PLATFORMS = "iphoneos iphonesimulator";
				SUPPORTS_MACCATALYST = NO;
				SUPPORTS_MAC_DESIGNED_FOR_IPHONE_IPAD = NO;
				SWIFT_EMIT_LOC_STRINGS = YES;
				SWIFT_VERSION = 5.0;
				TARGETED_DEVICE_FAMILY = 1;
			};
			name = Release;
		};
/* End XCBuildConfiguration section */

/* Begin XCConfigurationList section */
		37919F5E2B685E9A00C7495D /* Build configuration list for PBXProject "RecipesBrowser" */ = {
			isa = XCConfigurationList;
			buildConfigurations = (
				37919F6F2B685E9B00C7495D /* Debug */,
				37919F702B685E9B00C7495D /* Release */,
			);
			defaultConfigurationIsVisible = 0;
			defaultConfigurationName = Release;
		};
		37919F712B685E9B00C7495D /* Build configuration list for PBXNativeTarget "RecipesBrowser" */ = {
			isa = XCConfigurationList;
			buildConfigurations = (
				37919F722B685E9B00C7495D /* Debug */,
				37919F732B685E9B00C7495D /* Release */,
			);
			defaultConfigurationIsVisible = 0;
			defaultConfigurationName = Release;
		};
/* End XCConfigurationList section */
	};
	rootObject = 37919F5B2B685E9A00C7495D /* Project object */;
}
